// !$*UTF8*$!
{
	archiveVersion = 1;
	classes = {
	};
	objectVersion = 55;
	objects = {

/* Begin PBXAggregateTarget section */
		30B9BA532814614D0019B07C /* BCSXC */ = {
			isa = PBXAggregateTarget;
			buildConfigurationList = 30B9BA562814614D0019B07C /* Build configuration list for PBXAggregateTarget "BCSXC" */;
			buildPhases = (
				30B9BA5B281461630019B07C /* ShellScript */,
			);
			dependencies = (
				30B9BA582814615C0019B07C /* PBXTargetDependency */,
				30B9BA5A2814615C0019B07C /* PBXTargetDependency */,
			);
			name = BCSXC;
			productName = BCSXC;
		};
/* End PBXAggregateTarget section */

/* Begin PBXBuildFile section */
		0A57BEB5295068A0003277B8 /* UIViewController+Ext.swift in Sources */ = {isa = PBXBuildFile; fileRef = 0A57BEB4295068A0003277B8 /* UIViewController+Ext.swift */; };
		0A57BEB729506BD9003277B8 /* BSSize.swift in Sources */ = {isa = PBXBuildFile; fileRef = 0A57BEB629506BD9003277B8 /* BSSize.swift */; };
		0A57BEB929506C84003277B8 /* BSOption.swift in Sources */ = {isa = PBXBuildFile; fileRef = 0A57BEB829506C84003277B8 /* BSOption.swift */; };
		0A57BEBC2950724E003277B8 /* SheetContentView.swift in Sources */ = {isa = PBXBuildFile; fileRef = 0A57BEBB2950724E003277B8 /* SheetContentView.swift */; };
		0A57BEBE2950A411003277B8 /* Yalta.swift in Sources */ = {isa = PBXBuildFile; fileRef = 0A57BEBD2950A411003277B8 /* Yalta.swift */; };
		0A7CEEBE290567D700260F2D /* BCSConfiguaration.swift in Sources */ = {isa = PBXBuildFile; fileRef = 0A7CEEBD290567D700260F2D /* BCSConfiguaration.swift */; };
		3047127E281EBE7C00407E2E /* PopCustomView.swift in Sources */ = {isa = PBXBuildFile; fileRef = 3047127D281EBE7C00407E2E /* PopCustomView.swift */; };
		30471280281EBE8800407E2E /* PopCustomView.xib in Resources */ = {isa = PBXBuildFile; fileRef = 3047127F281EBE8800407E2E /* PopCustomView.xib */; };
		30471282281EC4FF00407E2E /* UIView+Extension.swift in Sources */ = {isa = PBXBuildFile; fileRef = 30471281281EC4FF00407E2E /* UIView+Extension.swift */; };
		3050731E28203B00004B8513 /* UIView+VVXUI.h in Headers */ = {isa = PBXBuildFile; fileRef = 3050731C28203B00004B8513 /* UIView+VVXUI.h */; settings = {ATTRIBUTES = (Public, ); }; };
		3050731F28203B00004B8513 /* UIView+VVXUI.m in Sources */ = {isa = PBXBuildFile; fileRef = 3050731D28203B00004B8513 /* UIView+VVXUI.m */; };
		30AB782B28112BD000EB3BF4 /* BCSComon.swift in Sources */ = {isa = PBXBuildFile; fileRef = 30AB782A28112BD000EB3BF4 /* BCSComon.swift */; };
		30AB782E28112C1200EB3BF4 /* BCSComon.swift in Sources */ = {isa = PBXBuildFile; fileRef = 30AB782D28112C1200EB3BF4 /* BCSComon.swift */; };
		30C5C09E280C246B0051E37D /* BottomSheetComponent.docc in Sources */ = {isa = PBXBuildFile; fileRef = 30C5C09D280C246B0051E37D /* BottomSheetComponent.docc */; };
		30C5C0A4280C246B0051E37D /* BottomSheetComponent.framework in Frameworks */ = {isa = PBXBuildFile; fileRef = 30C5C099280C246A0051E37D /* BottomSheetComponent.framework */; };
		30C5C0A9280C246B0051E37D /* BottomSheetComponentTests.swift in Sources */ = {isa = PBXBuildFile; fileRef = 30C5C0A8280C246B0051E37D /* BottomSheetComponentTests.swift */; };
		30C5C0AA280C246B0051E37D /* BottomSheetComponent.h in Headers */ = {isa = PBXBuildFile; fileRef = 30C5C09C280C246B0051E37D /* BottomSheetComponent.h */; settings = {ATTRIBUTES = (Public, ); }; };
		30C5C0BA280C24860051E37D /* AppDelegate.swift in Sources */ = {isa = PBXBuildFile; fileRef = 30C5C0B9280C24860051E37D /* AppDelegate.swift */; };
		30C5C0BC280C24860051E37D /* SceneDelegate.swift in Sources */ = {isa = PBXBuildFile; fileRef = 30C5C0BB280C24860051E37D /* SceneDelegate.swift */; };
		30C5C0BE280C24860051E37D /* ViewController.swift in Sources */ = {isa = PBXBuildFile; fileRef = 30C5C0BD280C24860051E37D /* ViewController.swift */; };
		30C5C0C1280C24860051E37D /* Main.storyboard in Resources */ = {isa = PBXBuildFile; fileRef = 30C5C0BF280C24860051E37D /* Main.storyboard */; };
		30C5C0C3280C24870051E37D /* Assets.xcassets in Resources */ = {isa = PBXBuildFile; fileRef = 30C5C0C2280C24870051E37D /* Assets.xcassets */; };
		30C5C0C6280C24870051E37D /* LaunchScreen.storyboard in Resources */ = {isa = PBXBuildFile; fileRef = 30C5C0C4280C24870051E37D /* LaunchScreen.storyboard */; };
		30C5C0D1280C24880051E37D /* BottomSheetExampleTests.swift in Sources */ = {isa = PBXBuildFile; fileRef = 30C5C0D0280C24880051E37D /* BottomSheetExampleTests.swift */; };
		30C5C0DB280C24880051E37D /* BottomSheetExampleUITests.swift in Sources */ = {isa = PBXBuildFile; fileRef = 30C5C0DA280C24880051E37D /* BottomSheetExampleUITests.swift */; };
		30C5C0DD280C24880051E37D /* BottomSheetExampleUITestsLaunchTests.swift in Sources */ = {isa = PBXBuildFile; fileRef = 30C5C0DC280C24880051E37D /* BottomSheetExampleUITestsLaunchTests.swift */; };
		30C5C0E9280C27860051E37D /* SheetViewController.swift in Sources */ = {isa = PBXBuildFile; fileRef = 30C5C0E8280C27860051E37D /* SheetViewController.swift */; };
		30E086F5281391C10034ECFA /* AssetResources.xcassets in Resources */ = {isa = PBXBuildFile; fileRef = 30E086F3281391AF0034ECFA /* AssetResources.xcassets */; };
		30E086F728139B0A0034ECFA /* UIVewExtension.swift in Sources */ = {isa = PBXBuildFile; fileRef = 30E086F628139B0A0034ECFA /* UIVewExtension.swift */; };
		30E58B4D2811C39D0069B6AB /* BSCSearchView.swift in Sources */ = {isa = PBXBuildFile; fileRef = 30E58B4C2811C39D0069B6AB /* BSCSearchView.swift */; };
		30E58B5028120A9A0069B6AB /* icSearch.pdf in Resources */ = {isa = PBXBuildFile; fileRef = 30E58B4F28120A9A0069B6AB /* icSearch.pdf */; };
		30ED9FC2280DB20A00C19DEB /* UserModel.swift in Sources */ = {isa = PBXBuildFile; fileRef = 30ED9FC1280DB20A00C19DEB /* UserModel.swift */; };
		30ED9FC4280DB4B900C19DEB /* SimpleCell.swift in Sources */ = {isa = PBXBuildFile; fileRef = 30ED9FC3280DB4B900C19DEB /* SimpleCell.swift */; };
		30FB55B2280C4AFD0014DC25 /* BottomSheetComponent.framework in Frameworks */ = {isa = PBXBuildFile; fileRef = 30C5C099280C246A0051E37D /* BottomSheetComponent.framework */; platformFilter = ios; };
		30FB55B9280C4EA40014DC25 /* PopupSectionModel.swift in Sources */ = {isa = PBXBuildFile; fileRef = 30FB55B8280C4EA40014DC25 /* PopupSectionModel.swift */; };
		30FB55BC280C50430014DC25 /* BSCPopUp.swift in Sources */ = {isa = PBXBuildFile; fileRef = 30FB55BB280C50430014DC25 /* BSCPopUp.swift */; };
/* End PBXBuildFile section */

/* Begin PBXContainerItemProxy section */
		30B9BA572814615C0019B07C /* PBXContainerItemProxy */ = {
			isa = PBXContainerItemProxy;
			containerPortal = 30C5C090280C246A0051E37D /* Project object */;
			proxyType = 1;
			remoteGlobalIDString = 30C5C098280C246A0051E37D;
			remoteInfo = BottomSheetComponent;
		};
		30B9BA592814615C0019B07C /* PBXContainerItemProxy */ = {
			isa = PBXContainerItemProxy;
			containerPortal = 30C5C090280C246A0051E37D /* Project object */;
			proxyType = 1;
			remoteGlobalIDString = 30E086ED281391390034ECFA;
			remoteInfo = BottomSheetResource;
		};
		30C5C0A5280C246B0051E37D /* PBXContainerItemProxy */ = {
			isa = PBXContainerItemProxy;
			containerPortal = 30C5C090280C246A0051E37D /* Project object */;
			proxyType = 1;
			remoteGlobalIDString = 30C5C098280C246A0051E37D;
			remoteInfo = BottomSheetComponent;
		};
		30C5C0CD280C24880051E37D /* PBXContainerItemProxy */ = {
			isa = PBXContainerItemProxy;
			containerPortal = 30C5C090280C246A0051E37D /* Project object */;
			proxyType = 1;
			remoteGlobalIDString = 30C5C0B6280C24860051E37D;
			remoteInfo = BottomSheetExample;
		};
		30C5C0D7280C24880051E37D /* PBXContainerItemProxy */ = {
			isa = PBXContainerItemProxy;
			containerPortal = 30C5C090280C246A0051E37D /* Project object */;
			proxyType = 1;
			remoteGlobalIDString = 30C5C0B6280C24860051E37D;
			remoteInfo = BottomSheetExample;
		};
		30FB55B4280C4AFD0014DC25 /* PBXContainerItemProxy */ = {
			isa = PBXContainerItemProxy;
			containerPortal = 30C5C090280C246A0051E37D /* Project object */;
			proxyType = 1;
			remoteGlobalIDString = 30C5C098280C246A0051E37D;
			remoteInfo = BottomSheetComponent;
		};
/* End PBXContainerItemProxy section */

/* Begin PBXFileReference section */
		0A57BEB4295068A0003277B8 /* UIViewController+Ext.swift */ = {isa = PBXFileReference; lastKnownFileType = sourcecode.swift; path = "UIViewController+Ext.swift"; sourceTree = "<group>"; };
		0A57BEB629506BD9003277B8 /* BSSize.swift */ = {isa = PBXFileReference; lastKnownFileType = sourcecode.swift; path = BSSize.swift; sourceTree = "<group>"; };
		0A57BEB829506C84003277B8 /* BSOption.swift */ = {isa = PBXFileReference; lastKnownFileType = sourcecode.swift; path = BSOption.swift; sourceTree = "<group>"; };
		0A57BEBB2950724E003277B8 /* SheetContentView.swift */ = {isa = PBXFileReference; lastKnownFileType = sourcecode.swift; path = SheetContentView.swift; sourceTree = "<group>"; };
		0A57BEBD2950A411003277B8 /* Yalta.swift */ = {isa = PBXFileReference; fileEncoding = 4; lastKnownFileType = sourcecode.swift; path = Yalta.swift; sourceTree = "<group>"; };
		0A7CEEBD290567D700260F2D /* BCSConfiguaration.swift */ = {isa = PBXFileReference; lastKnownFileType = sourcecode.swift; path = BCSConfiguaration.swift; sourceTree = "<group>"; };
		0A91626D2953002A0068A325 /* Package.swift */ = {isa = PBXFileReference; fileEncoding = 4; lastKnownFileType = sourcecode.swift; path = Package.swift; sourceTree = "<group>"; };
		3047127D281EBE7C00407E2E /* PopCustomView.swift */ = {isa = PBXFileReference; lastKnownFileType = sourcecode.swift; path = PopCustomView.swift; sourceTree = "<group>"; };
		3047127F281EBE8800407E2E /* PopCustomView.xib */ = {isa = PBXFileReference; lastKnownFileType = file.xib; path = PopCustomView.xib; sourceTree = "<group>"; };
		30471281281EC4FF00407E2E /* UIView+Extension.swift */ = {isa = PBXFileReference; lastKnownFileType = sourcecode.swift; path = "UIView+Extension.swift"; sourceTree = "<group>"; };
		3050731C28203B00004B8513 /* UIView+VVXUI.h */ = {isa = PBXFileReference; fileEncoding = 4; lastKnownFileType = sourcecode.c.h; path = "UIView+VVXUI.h"; sourceTree = "<group>"; };
		3050731D28203B00004B8513 /* UIView+VVXUI.m */ = {isa = PBXFileReference; fileEncoding = 4; lastKnownFileType = sourcecode.c.objc; path = "UIView+VVXUI.m"; sourceTree = "<group>"; };
		30AB782A28112BD000EB3BF4 /* BCSComon.swift */ = {isa = PBXFileReference; lastKnownFileType = sourcecode.swift; path = BCSComon.swift; sourceTree = "<group>"; };
		30AB782D28112C1200EB3BF4 /* BCSComon.swift */ = {isa = PBXFileReference; lastKnownFileType = sourcecode.swift; path = BCSComon.swift; sourceTree = "<group>"; };
		30C5C099280C246A0051E37D /* BottomSheetComponent.framework */ = {isa = PBXFileReference; explicitFileType = wrapper.framework; includeInIndex = 0; path = BottomSheetComponent.framework; sourceTree = BUILT_PRODUCTS_DIR; };
		30C5C09C280C246B0051E37D /* BottomSheetComponent.h */ = {isa = PBXFileReference; lastKnownFileType = sourcecode.c.h; path = BottomSheetComponent.h; sourceTree = "<group>"; };
		30C5C09D280C246B0051E37D /* BottomSheetComponent.docc */ = {isa = PBXFileReference; lastKnownFileType = folder.documentationcatalog; path = BottomSheetComponent.docc; sourceTree = "<group>"; };
		30C5C0A3280C246B0051E37D /* BottomSheetComponentTests.xctest */ = {isa = PBXFileReference; explicitFileType = wrapper.cfbundle; includeInIndex = 0; path = BottomSheetComponentTests.xctest; sourceTree = BUILT_PRODUCTS_DIR; };
		30C5C0A8280C246B0051E37D /* BottomSheetComponentTests.swift */ = {isa = PBXFileReference; lastKnownFileType = sourcecode.swift; path = BottomSheetComponentTests.swift; sourceTree = "<group>"; };
		30C5C0B7280C24860051E37D /* BottomSheetExample.app */ = {isa = PBXFileReference; explicitFileType = wrapper.application; includeInIndex = 0; path = BottomSheetExample.app; sourceTree = BUILT_PRODUCTS_DIR; };
		30C5C0B9280C24860051E37D /* AppDelegate.swift */ = {isa = PBXFileReference; lastKnownFileType = sourcecode.swift; path = AppDelegate.swift; sourceTree = "<group>"; };
		30C5C0BB280C24860051E37D /* SceneDelegate.swift */ = {isa = PBXFileReference; lastKnownFileType = sourcecode.swift; path = SceneDelegate.swift; sourceTree = "<group>"; };
		30C5C0BD280C24860051E37D /* ViewController.swift */ = {isa = PBXFileReference; lastKnownFileType = sourcecode.swift; path = ViewController.swift; sourceTree = "<group>"; };
		30C5C0C0280C24860051E37D /* Base */ = {isa = PBXFileReference; lastKnownFileType = file.storyboard; name = Base; path = Base.lproj/Main.storyboard; sourceTree = "<group>"; };
		30C5C0C2280C24870051E37D /* Assets.xcassets */ = {isa = PBXFileReference; lastKnownFileType = folder.assetcatalog; path = Assets.xcassets; sourceTree = "<group>"; };
		30C5C0C5280C24870051E37D /* Base */ = {isa = PBXFileReference; lastKnownFileType = file.storyboard; name = Base; path = Base.lproj/LaunchScreen.storyboard; sourceTree = "<group>"; };
		30C5C0C7280C24870051E37D /* Info.plist */ = {isa = PBXFileReference; lastKnownFileType = text.plist.xml; path = Info.plist; sourceTree = "<group>"; };
		30C5C0CC280C24880051E37D /* BottomSheetExampleTests.xctest */ = {isa = PBXFileReference; explicitFileType = wrapper.cfbundle; includeInIndex = 0; path = BottomSheetExampleTests.xctest; sourceTree = BUILT_PRODUCTS_DIR; };
		30C5C0D0280C24880051E37D /* BottomSheetExampleTests.swift */ = {isa = PBXFileReference; lastKnownFileType = sourcecode.swift; path = BottomSheetExampleTests.swift; sourceTree = "<group>"; };
		30C5C0D6280C24880051E37D /* BottomSheetExampleUITests.xctest */ = {isa = PBXFileReference; explicitFileType = wrapper.cfbundle; includeInIndex = 0; path = BottomSheetExampleUITests.xctest; sourceTree = BUILT_PRODUCTS_DIR; };
		30C5C0DA280C24880051E37D /* BottomSheetExampleUITests.swift */ = {isa = PBXFileReference; lastKnownFileType = sourcecode.swift; path = BottomSheetExampleUITests.swift; sourceTree = "<group>"; };
		30C5C0DC280C24880051E37D /* BottomSheetExampleUITestsLaunchTests.swift */ = {isa = PBXFileReference; lastKnownFileType = sourcecode.swift; path = BottomSheetExampleUITestsLaunchTests.swift; sourceTree = "<group>"; };
		30C5C0E8280C27860051E37D /* SheetViewController.swift */ = {isa = PBXFileReference; lastKnownFileType = sourcecode.swift; path = SheetViewController.swift; sourceTree = "<group>"; };
		30E086EE281391390034ECFA /* BottomSheetResource.bundle */ = {isa = PBXFileReference; explicitFileType = wrapper.cfbundle; includeInIndex = 0; path = BottomSheetResource.bundle; sourceTree = BUILT_PRODUCTS_DIR; };
		30E086F3281391AF0034ECFA /* AssetResources.xcassets */ = {isa = PBXFileReference; lastKnownFileType = folder.assetcatalog; path = AssetResources.xcassets; sourceTree = "<group>"; };
		30E086F628139B0A0034ECFA /* UIVewExtension.swift */ = {isa = PBXFileReference; lastKnownFileType = sourcecode.swift; path = UIVewExtension.swift; sourceTree = "<group>"; };
		30E58B4C2811C39D0069B6AB /* BSCSearchView.swift */ = {isa = PBXFileReference; lastKnownFileType = sourcecode.swift; path = BSCSearchView.swift; sourceTree = "<group>"; };
		30E58B4F28120A9A0069B6AB /* icSearch.pdf */ = {isa = PBXFileReference; lastKnownFileType = image.pdf; path = icSearch.pdf; sourceTree = "<group>"; };
		30ED9FC1280DB20A00C19DEB /* UserModel.swift */ = {isa = PBXFileReference; lastKnownFileType = sourcecode.swift; path = UserModel.swift; sourceTree = "<group>"; };
		30ED9FC3280DB4B900C19DEB /* SimpleCell.swift */ = {isa = PBXFileReference; lastKnownFileType = sourcecode.swift; path = SimpleCell.swift; sourceTree = "<group>"; };
		30FB55B8280C4EA40014DC25 /* PopupSectionModel.swift */ = {isa = PBXFileReference; lastKnownFileType = sourcecode.swift; path = PopupSectionModel.swift; sourceTree = "<group>"; };
		30FB55BB280C50430014DC25 /* BSCPopUp.swift */ = {isa = PBXFileReference; lastKnownFileType = sourcecode.swift; path = BSCPopUp.swift; sourceTree = "<group>"; };
/* End PBXFileReference section */

/* Begin PBXFrameworksBuildPhase section */
		30C5C096280C246A0051E37D /* Frameworks */ = {
			isa = PBXFrameworksBuildPhase;
			buildActionMask = 2147483647;
			files = (
			);
			runOnlyForDeploymentPostprocessing = 0;
		};
		30C5C0A0280C246B0051E37D /* Frameworks */ = {
			isa = PBXFrameworksBuildPhase;
			buildActionMask = 2147483647;
			files = (
				30C5C0A4280C246B0051E37D /* BottomSheetComponent.framework in Frameworks */,
			);
			runOnlyForDeploymentPostprocessing = 0;
		};
		30C5C0B4280C24860051E37D /* Frameworks */ = {
			isa = PBXFrameworksBuildPhase;
			buildActionMask = 2147483647;
			files = (
				30FB55B2280C4AFD0014DC25 /* BottomSheetComponent.framework in Frameworks */,
			);
			runOnlyForDeploymentPostprocessing = 0;
		};
		30C5C0C9280C24880051E37D /* Frameworks */ = {
			isa = PBXFrameworksBuildPhase;
			buildActionMask = 2147483647;
			files = (
			);
			runOnlyForDeploymentPostprocessing = 0;
		};
		30C5C0D3280C24880051E37D /* Frameworks */ = {
			isa = PBXFrameworksBuildPhase;
			buildActionMask = 2147483647;
			files = (
			);
			runOnlyForDeploymentPostprocessing = 0;
		};
		30E086EB281391390034ECFA /* Frameworks */ = {
			isa = PBXFrameworksBuildPhase;
			buildActionMask = 2147483647;
			files = (
			);
			runOnlyForDeploymentPostprocessing = 0;
		};
/* End PBXFrameworksBuildPhase section */

/* Begin PBXGroup section */
		0A57BEB32950686D003277B8 /* Utitils */ = {
			isa = PBXGroup;
			children = (
				0A57BEB4295068A0003277B8 /* UIViewController+Ext.swift */,
				0A57BEB629506BD9003277B8 /* BSSize.swift */,
				0A57BEB829506C84003277B8 /* BSOption.swift */,
				0A57BEBD2950A411003277B8 /* Yalta.swift */,
			);
			path = Utitils;
			sourceTree = "<group>";
		};
		0A57BEBA29507237003277B8 /* SheetContentView */ = {
			isa = PBXGroup;
			children = (
				0A57BEBB2950724E003277B8 /* SheetContentView.swift */,
			);
			path = SheetContentView;
			sourceTree = "<group>";
		};
		3047127C281EBE5300407E2E /* CustomView */ = {
			isa = PBXGroup;
			children = (
				3047127D281EBE7C00407E2E /* PopCustomView.swift */,
				3047127F281EBE8800407E2E /* PopCustomView.xib */,
			);
			path = CustomView;
			sourceTree = "<group>";
		};
		3050731B28203AE5004B8513 /* ThirdParties */ = {
			isa = PBXGroup;
			children = (
				3050731C28203B00004B8513 /* UIView+VVXUI.h */,
				3050731D28203B00004B8513 /* UIView+VVXUI.m */,
			);
			path = ThirdParties;
			sourceTree = "<group>";
		};
		30AB782928112A8000EB3BF4 /* Base */ = {
			isa = PBXGroup;
			children = (
				30AB782A28112BD000EB3BF4 /* BCSComon.swift */,
			);
			path = Base;
			sourceTree = "<group>";
		};
		30AB782C28112BFC00EB3BF4 /* Base */ = {
			isa = PBXGroup;
			children = (
				30AB782D28112C1200EB3BF4 /* BCSComon.swift */,
				30E086F628139B0A0034ECFA /* UIVewExtension.swift */,
			);
			path = Base;
			sourceTree = "<group>";
		};
		30C5C08F280C246A0051E37D = {
			isa = PBXGroup;
			children = (
				0A91626D2953002A0068A325 /* Package.swift */,
				30C5C0B8280C24860051E37D /* BottomSheetExample */,
				30C5C09B280C246A0051E37D /* BottomSheetComponent */,
				30C5C0A7280C246B0051E37D /* BottomSheetComponentTests */,
				30C5C0CF280C24880051E37D /* BottomSheetExampleTests */,
				30C5C0D9280C24880051E37D /* BottomSheetExampleUITests */,
				30C5C09A280C246A0051E37D /* Products */,
				30FB55AC280C49E80014DC25 /* Frameworks */,
			);
			sourceTree = "<group>";
		};
		30C5C09A280C246A0051E37D /* Products */ = {
			isa = PBXGroup;
			children = (
				30C5C099280C246A0051E37D /* BottomSheetComponent.framework */,
				30C5C0A3280C246B0051E37D /* BottomSheetComponentTests.xctest */,
				30C5C0B7280C24860051E37D /* BottomSheetExample.app */,
				30C5C0CC280C24880051E37D /* BottomSheetExampleTests.xctest */,
				30C5C0D6280C24880051E37D /* BottomSheetExampleUITests.xctest */,
				30E086EE281391390034ECFA /* BottomSheetResource.bundle */,
			);
			name = Products;
			sourceTree = "<group>";
		};
		30C5C09B280C246A0051E37D /* BottomSheetComponent */ = {
			isa = PBXGroup;
			children = (
				0A57BEB32950686D003277B8 /* Utitils */,
				3050731B28203AE5004B8513 /* ThirdParties */,
				30E086F22813915E0034ECFA /* Resources */,
				30C5C0E7280C257F0051E37D /* Screen */,
				30C5C09C280C246B0051E37D /* BottomSheetComponent.h */,
				30C5C09D280C246B0051E37D /* BottomSheetComponent.docc */,
			);
			path = BottomSheetComponent;
			sourceTree = "<group>";
		};
		30C5C0A7280C246B0051E37D /* BottomSheetComponentTests */ = {
			isa = PBXGroup;
			children = (
				30C5C0A8280C246B0051E37D /* BottomSheetComponentTests.swift */,
			);
			path = BottomSheetComponentTests;
			sourceTree = "<group>";
		};
		30C5C0B8280C24860051E37D /* BottomSheetExample */ = {
			isa = PBXGroup;
			children = (
				3047127C281EBE5300407E2E /* CustomView */,
				30AB782928112A8000EB3BF4 /* Base */,
				30ED9FC0280DB1DD00C19DEB /* Model */,
				30ED9FBF280DB16A00C19DEB /* Cell */,
				30C5C0B9280C24860051E37D /* AppDelegate.swift */,
				30C5C0BB280C24860051E37D /* SceneDelegate.swift */,
				30C5C0BD280C24860051E37D /* ViewController.swift */,
				30C5C0BF280C24860051E37D /* Main.storyboard */,
				30C5C0C2280C24870051E37D /* Assets.xcassets */,
				30C5C0C4280C24870051E37D /* LaunchScreen.storyboard */,
				30C5C0C7280C24870051E37D /* Info.plist */,
				30471281281EC4FF00407E2E /* UIView+Extension.swift */,
			);
			path = BottomSheetExample;
			sourceTree = "<group>";
		};
		30C5C0CF280C24880051E37D /* BottomSheetExampleTests */ = {
			isa = PBXGroup;
			children = (
				30C5C0D0280C24880051E37D /* BottomSheetExampleTests.swift */,
			);
			path = BottomSheetExampleTests;
			sourceTree = "<group>";
		};
		30C5C0D9280C24880051E37D /* BottomSheetExampleUITests */ = {
			isa = PBXGroup;
			children = (
				30C5C0DA280C24880051E37D /* BottomSheetExampleUITests.swift */,
				30C5C0DC280C24880051E37D /* BottomSheetExampleUITestsLaunchTests.swift */,
			);
			path = BottomSheetExampleUITests;
			sourceTree = "<group>";
		};
		30C5C0E7280C257F0051E37D /* Screen */ = {
			isa = PBXGroup;
			children = (
				0A57BEBA29507237003277B8 /* SheetContentView */,
				30AB782C28112BFC00EB3BF4 /* Base */,
				30FB55BA280C4FC30014DC25 /* PopUp */,
				30FB55B7280C4E760014DC25 /* Protocol */,
				30C5C0E8280C27860051E37D /* SheetViewController.swift */,
			);
			path = Screen;
			sourceTree = "<group>";
		};
		30E086F22813915E0034ECFA /* Resources */ = {
			isa = PBXGroup;
			children = (
				30E086F3281391AF0034ECFA /* AssetResources.xcassets */,
			);
			path = Resources;
			sourceTree = "<group>";
		};
		30E58B4E2811C3AB0069B6AB /* Component */ = {
			isa = PBXGroup;
			children = (
				30E58B4C2811C39D0069B6AB /* BSCSearchView.swift */,
			);
			path = Component;
			sourceTree = "<group>";
		};
		30ED9FBF280DB16A00C19DEB /* Cell */ = {
			isa = PBXGroup;
			children = (
				30ED9FC3280DB4B900C19DEB /* SimpleCell.swift */,
			);
			path = Cell;
			sourceTree = "<group>";
		};
		30ED9FC0280DB1DD00C19DEB /* Model */ = {
			isa = PBXGroup;
			children = (
				30ED9FC1280DB20A00C19DEB /* UserModel.swift */,
			);
			path = Model;
			sourceTree = "<group>";
		};
		30FB55AC280C49E80014DC25 /* Frameworks */ = {
			isa = PBXGroup;
			children = (
			);
			name = Frameworks;
			sourceTree = "<group>";
		};
		30FB55B7280C4E760014DC25 /* Protocol */ = {
			isa = PBXGroup;
			children = (
				30FB55B8280C4EA40014DC25 /* PopupSectionModel.swift */,
				0A7CEEBD290567D700260F2D /* BCSConfiguaration.swift */,
			);
			path = Protocol;
			sourceTree = "<group>";
		};
		30FB55BA280C4FC30014DC25 /* PopUp */ = {
			isa = PBXGroup;
			children = (
				30E58B4F28120A9A0069B6AB /* icSearch.pdf */,
				30E58B4E2811C3AB0069B6AB /* Component */,
				30FB55BB280C50430014DC25 /* BSCPopUp.swift */,
			);
			path = PopUp;
			sourceTree = "<group>";
		};
/* End PBXGroup section */

/* Begin PBXHeadersBuildPhase section */
		30C5C094280C246A0051E37D /* Headers */ = {
			isa = PBXHeadersBuildPhase;
			buildActionMask = 2147483647;
			files = (
				3050731E28203B00004B8513 /* UIView+VVXUI.h in Headers */,
				30C5C0AA280C246B0051E37D /* BottomSheetComponent.h in Headers */,
			);
			runOnlyForDeploymentPostprocessing = 0;
		};
/* End PBXHeadersBuildPhase section */

/* Begin PBXNativeTarget section */
		30C5C098280C246A0051E37D /* BottomSheetComponent */ = {
			isa = PBXNativeTarget;
			buildConfigurationList = 30C5C0AD280C246B0051E37D /* Build configuration list for PBXNativeTarget "BottomSheetComponent" */;
			buildPhases = (
				30C5C094280C246A0051E37D /* Headers */,
				30C5C095280C246A0051E37D /* Sources */,
				30C5C096280C246A0051E37D /* Frameworks */,
				30C5C097280C246A0051E37D /* Resources */,
			);
			buildRules = (
			);
			dependencies = (
			);
			name = BottomSheetComponent;
			productName = BottomSheetComponent;
			productReference = 30C5C099280C246A0051E37D /* BottomSheetComponent.framework */;
			productType = "com.apple.product-type.framework";
		};
		30C5C0A2280C246B0051E37D /* BottomSheetComponentTests */ = {
			isa = PBXNativeTarget;
			buildConfigurationList = 30C5C0B0280C246B0051E37D /* Build configuration list for PBXNativeTarget "BottomSheetComponentTests" */;
			buildPhases = (
				30C5C09F280C246B0051E37D /* Sources */,
				30C5C0A0280C246B0051E37D /* Frameworks */,
				30C5C0A1280C246B0051E37D /* Resources */,
			);
			buildRules = (
			);
			dependencies = (
				30C5C0A6280C246B0051E37D /* PBXTargetDependency */,
			);
			name = BottomSheetComponentTests;
			productName = BottomSheetComponentTests;
			productReference = 30C5C0A3280C246B0051E37D /* BottomSheetComponentTests.xctest */;
			productType = "com.apple.product-type.bundle.unit-test";
		};
		30C5C0B6280C24860051E37D /* BottomSheetExample */ = {
			isa = PBXNativeTarget;
			buildConfigurationList = 30C5C0DE280C24880051E37D /* Build configuration list for PBXNativeTarget "BottomSheetExample" */;
			buildPhases = (
				30C5C0B3280C24860051E37D /* Sources */,
				30C5C0B4280C24860051E37D /* Frameworks */,
				30C5C0B5280C24860051E37D /* Resources */,
			);
			buildRules = (
			);
			dependencies = (
				30FB55B5280C4AFD0014DC25 /* PBXTargetDependency */,
			);
			name = BottomSheetExample;
			productName = BottomSheetExample;
			productReference = 30C5C0B7280C24860051E37D /* BottomSheetExample.app */;
			productType = "com.apple.product-type.application";
		};
		30C5C0CB280C24880051E37D /* BottomSheetExampleTests */ = {
			isa = PBXNativeTarget;
			buildConfigurationList = 30C5C0E1280C24880051E37D /* Build configuration list for PBXNativeTarget "BottomSheetExampleTests" */;
			buildPhases = (
				30C5C0C8280C24880051E37D /* Sources */,
				30C5C0C9280C24880051E37D /* Frameworks */,
				30C5C0CA280C24880051E37D /* Resources */,
			);
			buildRules = (
			);
			dependencies = (
				30C5C0CE280C24880051E37D /* PBXTargetDependency */,
			);
			name = BottomSheetExampleTests;
			productName = BottomSheetExampleTests;
			productReference = 30C5C0CC280C24880051E37D /* BottomSheetExampleTests.xctest */;
			productType = "com.apple.product-type.bundle.unit-test";
		};
		30C5C0D5280C24880051E37D /* BottomSheetExampleUITests */ = {
			isa = PBXNativeTarget;
			buildConfigurationList = 30C5C0E4280C24880051E37D /* Build configuration list for PBXNativeTarget "BottomSheetExampleUITests" */;
			buildPhases = (
				30C5C0D2280C24880051E37D /* Sources */,
				30C5C0D3280C24880051E37D /* Frameworks */,
				30C5C0D4280C24880051E37D /* Resources */,
			);
			buildRules = (
			);
			dependencies = (
				30C5C0D8280C24880051E37D /* PBXTargetDependency */,
			);
			name = BottomSheetExampleUITests;
			productName = BottomSheetExampleUITests;
			productReference = 30C5C0D6280C24880051E37D /* BottomSheetExampleUITests.xctest */;
			productType = "com.apple.product-type.bundle.ui-testing";
		};
		30E086ED281391390034ECFA /* BottomSheetResource */ = {
			isa = PBXNativeTarget;
			buildConfigurationList = 30E086F1281391390034ECFA /* Build configuration list for PBXNativeTarget "BottomSheetResource" */;
			buildPhases = (
				30E086EA281391390034ECFA /* Sources */,
				30E086EB281391390034ECFA /* Frameworks */,
				30E086EC281391390034ECFA /* Resources */,
			);
			buildRules = (
			);
			dependencies = (
			);
			name = BottomSheetResource;
			productName = BottomSheetResource;
			productReference = 30E086EE281391390034ECFA /* BottomSheetResource.bundle */;
			productType = "com.apple.product-type.bundle";
		};
/* End PBXNativeTarget section */

/* Begin PBXProject section */
		30C5C090280C246A0051E37D /* Project object */ = {
			isa = PBXProject;
			attributes = {
				BuildIndependentTargetsInParallel = 1;
				LastSwiftUpdateCheck = 1330;
				LastUpgradeCheck = 1330;
				TargetAttributes = {
					30B9BA532814614D0019B07C = {
						CreatedOnToolsVersion = 13.3.1;
					};
					30C5C098280C246A0051E37D = {
						CreatedOnToolsVersion = 13.3.1;
						LastSwiftMigration = 1330;
					};
					30C5C0A2280C246B0051E37D = {
						CreatedOnToolsVersion = 13.3.1;
					};
					30C5C0B6280C24860051E37D = {
						CreatedOnToolsVersion = 13.3.1;
					};
					30C5C0CB280C24880051E37D = {
						CreatedOnToolsVersion = 13.3.1;
						TestTargetID = 30C5C0B6280C24860051E37D;
					};
					30C5C0D5280C24880051E37D = {
						CreatedOnToolsVersion = 13.3.1;
						TestTargetID = 30C5C0B6280C24860051E37D;
					};
					30E086ED281391390034ECFA = {
						CreatedOnToolsVersion = 13.3.1;
					};
				};
			};
			buildConfigurationList = 30C5C093280C246A0051E37D /* Build configuration list for PBXProject "BottomSheetComponent" */;
			compatibilityVersion = "Xcode 13.0";
			developmentRegion = en;
			hasScannedForEncodings = 0;
			knownRegions = (
				en,
				Base,
			);
			mainGroup = 30C5C08F280C246A0051E37D;
			productRefGroup = 30C5C09A280C246A0051E37D /* Products */;
			projectDirPath = "";
			projectRoot = "";
			targets = (
				30C5C0B6280C24860051E37D /* BottomSheetExample */,
				30C5C098280C246A0051E37D /* BottomSheetComponent */,
				30C5C0A2280C246B0051E37D /* BottomSheetComponentTests */,
				30C5C0CB280C24880051E37D /* BottomSheetExampleTests */,
				30C5C0D5280C24880051E37D /* BottomSheetExampleUITests */,
				30E086ED281391390034ECFA /* BottomSheetResource */,
				30B9BA532814614D0019B07C /* BCSXC */,
			);
		};
/* End PBXProject section */

/* Begin PBXResourcesBuildPhase section */
		30C5C097280C246A0051E37D /* Resources */ = {
			isa = PBXResourcesBuildPhase;
			buildActionMask = 2147483647;
			files = (
				30E58B5028120A9A0069B6AB /* icSearch.pdf in Resources */,
			);
			runOnlyForDeploymentPostprocessing = 0;
		};
		30C5C0A1280C246B0051E37D /* Resources */ = {
			isa = PBXResourcesBuildPhase;
			buildActionMask = 2147483647;
			files = (
			);
			runOnlyForDeploymentPostprocessing = 0;
		};
		30C5C0B5280C24860051E37D /* Resources */ = {
			isa = PBXResourcesBuildPhase;
			buildActionMask = 2147483647;
			files = (
				30C5C0C6280C24870051E37D /* LaunchScreen.storyboard in Resources */,
				30C5C0C3280C24870051E37D /* Assets.xcassets in Resources */,
				30C5C0C1280C24860051E37D /* Main.storyboard in Resources */,
				30471280281EBE8800407E2E /* PopCustomView.xib in Resources */,
			);
			runOnlyForDeploymentPostprocessing = 0;
		};
		30C5C0CA280C24880051E37D /* Resources */ = {
			isa = PBXResourcesBuildPhase;
			buildActionMask = 2147483647;
			files = (
			);
			runOnlyForDeploymentPostprocessing = 0;
		};
		30C5C0D4280C24880051E37D /* Resources */ = {
			isa = PBXResourcesBuildPhase;
			buildActionMask = 2147483647;
			files = (
			);
			runOnlyForDeploymentPostprocessing = 0;
		};
		30E086EC281391390034ECFA /* Resources */ = {
			isa = PBXResourcesBuildPhase;
			buildActionMask = 2147483647;
			files = (
				30E086F5281391C10034ECFA /* AssetResources.xcassets in Resources */,
			);
			runOnlyForDeploymentPostprocessing = 0;
		};
/* End PBXResourcesBuildPhase section */

/* Begin PBXShellScriptBuildPhase section */
		30B9BA5B281461630019B07C /* ShellScript */ = {
			isa = PBXShellScriptBuildPhase;
			buildActionMask = 2147483647;
			files = (
			);
			inputFileListPaths = (
			);
			inputPaths = (
			);
			outputFileListPaths = (
			);
			outputPaths = (
			);
			runOnlyForDeploymentPostprocessing = 0;
			shellPath = /bin/sh;
			shellScript = "# Type a script or drag a script file from your workspace to insert its path.\n\nSCHEME_NAME=\"BottomSheetComponent\"\nFRAMEWORK_NAME=\"BottomSheetComponent\"\nDEVICE_ARCHIVE_PATH=\"../output/BottomSheetComponent.xcarchive\"\n\nxcodebuild archive \\\n-scheme ${SCHEME_NAME} \\\n-destination \"generic/platform=iOS\" \\\n-archivePath ${DEVICE_ARCHIVE_PATH} \\\nSKIP_INSTALL=NO \\\nBUILD_LIBRARY_FOR_DISTRIBUTION=YES\nxcodebuild -create-xcframework \\\n-framework ${DEVICE_ARCHIVE_PATH}/Products/Library/Frameworks/BottomSheetComponent.framework \\\n-output ./xcframework/BottomSheetComponent.xcframework\n\n";
		};
/* End PBXShellScriptBuildPhase section */

/* Begin PBXSourcesBuildPhase section */
		30C5C095280C246A0051E37D /* Sources */ = {
			isa = PBXSourcesBuildPhase;
			buildActionMask = 2147483647;
			files = (
				0A57BEBC2950724E003277B8 /* SheetContentView.swift in Sources */,
				30C5C0E9280C27860051E37D /* SheetViewController.swift in Sources */,
				0A7CEEBE290567D700260F2D /* BCSConfiguaration.swift in Sources */,
				0A57BEBE2950A411003277B8 /* Yalta.swift in Sources */,
				0A57BEB5295068A0003277B8 /* UIViewController+Ext.swift in Sources */,
				0A57BEB729506BD9003277B8 /* BSSize.swift in Sources */,
				30AB782E28112C1200EB3BF4 /* BCSComon.swift in Sources */,
				30FB55BC280C50430014DC25 /* BSCPopUp.swift in Sources */,
				30E58B4D2811C39D0069B6AB /* BSCSearchView.swift in Sources */,
				30FB55B9280C4EA40014DC25 /* PopupSectionModel.swift in Sources */,
				30C5C09E280C246B0051E37D /* BottomSheetComponent.docc in Sources */,
				30E086F728139B0A0034ECFA /* UIVewExtension.swift in Sources */,
				3050731F28203B00004B8513 /* UIView+VVXUI.m in Sources */,
				0A57BEB929506C84003277B8 /* BSOption.swift in Sources */,
			);
			runOnlyForDeploymentPostprocessing = 0;
		};
		30C5C09F280C246B0051E37D /* Sources */ = {
			isa = PBXSourcesBuildPhase;
			buildActionMask = 2147483647;
			files = (
				30C5C0A9280C246B0051E37D /* BottomSheetComponentTests.swift in Sources */,
			);
			runOnlyForDeploymentPostprocessing = 0;
		};
		30C5C0B3280C24860051E37D /* Sources */ = {
			isa = PBXSourcesBuildPhase;
			buildActionMask = 2147483647;
			files = (
				30C5C0BE280C24860051E37D /* ViewController.swift in Sources */,
				30C5C0BA280C24860051E37D /* AppDelegate.swift in Sources */,
				30471282281EC4FF00407E2E /* UIView+Extension.swift in Sources */,
				3047127E281EBE7C00407E2E /* PopCustomView.swift in Sources */,
				30ED9FC2280DB20A00C19DEB /* UserModel.swift in Sources */,
				30C5C0BC280C24860051E37D /* SceneDelegate.swift in Sources */,
				30ED9FC4280DB4B900C19DEB /* SimpleCell.swift in Sources */,
				30AB782B28112BD000EB3BF4 /* BCSComon.swift in Sources */,
			);
			runOnlyForDeploymentPostprocessing = 0;
		};
		30C5C0C8280C24880051E37D /* Sources */ = {
			isa = PBXSourcesBuildPhase;
			buildActionMask = 2147483647;
			files = (
				30C5C0D1280C24880051E37D /* BottomSheetExampleTests.swift in Sources */,
			);
			runOnlyForDeploymentPostprocessing = 0;
		};
		30C5C0D2280C24880051E37D /* Sources */ = {
			isa = PBXSourcesBuildPhase;
			buildActionMask = 2147483647;
			files = (
				30C5C0DD280C24880051E37D /* BottomSheetExampleUITestsLaunchTests.swift in Sources */,
				30C5C0DB280C24880051E37D /* BottomSheetExampleUITests.swift in Sources */,
			);
			runOnlyForDeploymentPostprocessing = 0;
		};
		30E086EA281391390034ECFA /* Sources */ = {
			isa = PBXSourcesBuildPhase;
			buildActionMask = 2147483647;
			files = (
			);
			runOnlyForDeploymentPostprocessing = 0;
		};
/* End PBXSourcesBuildPhase section */

/* Begin PBXTargetDependency section */
		30B9BA582814615C0019B07C /* PBXTargetDependency */ = {
			isa = PBXTargetDependency;
			target = 30C5C098280C246A0051E37D /* BottomSheetComponent */;
			targetProxy = 30B9BA572814615C0019B07C /* PBXContainerItemProxy */;
		};
		30B9BA5A2814615C0019B07C /* PBXTargetDependency */ = {
			isa = PBXTargetDependency;
			target = 30E086ED281391390034ECFA /* BottomSheetResource */;
			targetProxy = 30B9BA592814615C0019B07C /* PBXContainerItemProxy */;
		};
		30C5C0A6280C246B0051E37D /* PBXTargetDependency */ = {
			isa = PBXTargetDependency;
			target = 30C5C098280C246A0051E37D /* BottomSheetComponent */;
			targetProxy = 30C5C0A5280C246B0051E37D /* PBXContainerItemProxy */;
		};
		30C5C0CE280C24880051E37D /* PBXTargetDependency */ = {
			isa = PBXTargetDependency;
			target = 30C5C0B6280C24860051E37D /* BottomSheetExample */;
			targetProxy = 30C5C0CD280C24880051E37D /* PBXContainerItemProxy */;
		};
		30C5C0D8280C24880051E37D /* PBXTargetDependency */ = {
			isa = PBXTargetDependency;
			target = 30C5C0B6280C24860051E37D /* BottomSheetExample */;
			targetProxy = 30C5C0D7280C24880051E37D /* PBXContainerItemProxy */;
		};
		30FB55B5280C4AFD0014DC25 /* PBXTargetDependency */ = {
			isa = PBXTargetDependency;
			platformFilter = ios;
			target = 30C5C098280C246A0051E37D /* BottomSheetComponent */;
			targetProxy = 30FB55B4280C4AFD0014DC25 /* PBXContainerItemProxy */;
		};
/* End PBXTargetDependency section */

/* Begin PBXVariantGroup section */
		30C5C0BF280C24860051E37D /* Main.storyboard */ = {
			isa = PBXVariantGroup;
			children = (
				30C5C0C0280C24860051E37D /* Base */,
			);
			name = Main.storyboard;
			sourceTree = "<group>";
		};
		30C5C0C4280C24870051E37D /* LaunchScreen.storyboard */ = {
			isa = PBXVariantGroup;
			children = (
				30C5C0C5280C24870051E37D /* Base */,
			);
			name = LaunchScreen.storyboard;
			sourceTree = "<group>";
		};
/* End PBXVariantGroup section */

/* Begin XCBuildConfiguration section */
		30B9BA542814614D0019B07C /* Debug */ = {
			isa = XCBuildConfiguration;
			buildSettings = {
				CODE_SIGN_STYLE = Automatic;
				DEVELOPMENT_TEAM = VE4B6ZGW6Y;
				PRODUCT_NAME = "$(TARGET_NAME)";
			};
			name = Debug;
		};
		30B9BA552814614D0019B07C /* Release */ = {
			isa = XCBuildConfiguration;
			buildSettings = {
				CODE_SIGN_STYLE = Automatic;
				DEVELOPMENT_TEAM = VE4B6ZGW6Y;
				PRODUCT_NAME = "$(TARGET_NAME)";
			};
			name = Release;
		};
		30C5C0AB280C246B0051E37D /* Debug */ = {
			isa = XCBuildConfiguration;
			buildSettings = {
				ALWAYS_SEARCH_USER_PATHS = NO;
				CLANG_ANALYZER_NONNULL = YES;
				CLANG_ANALYZER_NUMBER_OBJECT_CONVERSION = YES_AGGRESSIVE;
				CLANG_CXX_LANGUAGE_STANDARD = "gnu++17";
				CLANG_ENABLE_MODULES = YES;
				CLANG_ENABLE_OBJC_ARC = YES;
				CLANG_ENABLE_OBJC_WEAK = YES;
				CLANG_WARN_BLOCK_CAPTURE_AUTORELEASING = YES;
				CLANG_WARN_BOOL_CONVERSION = YES;
				CLANG_WARN_COMMA = YES;
				CLANG_WARN_CONSTANT_CONVERSION = YES;
				CLANG_WARN_DEPRECATED_OBJC_IMPLEMENTATIONS = YES;
				CLANG_WARN_DIRECT_OBJC_ISA_USAGE = YES_ERROR;
				CLANG_WARN_DOCUMENTATION_COMMENTS = YES;
				CLANG_WARN_EMPTY_BODY = YES;
				CLANG_WARN_ENUM_CONVERSION = YES;
				CLANG_WARN_INFINITE_RECURSION = YES;
				CLANG_WARN_INT_CONVERSION = YES;
				CLANG_WARN_NON_LITERAL_NULL_CONVERSION = YES;
				CLANG_WARN_OBJC_IMPLICIT_RETAIN_SELF = YES;
				CLANG_WARN_OBJC_LITERAL_CONVERSION = YES;
				CLANG_WARN_OBJC_ROOT_CLASS = YES_ERROR;
				CLANG_WARN_QUOTED_INCLUDE_IN_FRAMEWORK_HEADER = YES;
				CLANG_WARN_RANGE_LOOP_ANALYSIS = YES;
				CLANG_WARN_STRICT_PROTOTYPES = YES;
				CLANG_WARN_SUSPICIOUS_MOVE = YES;
				CLANG_WARN_UNGUARDED_AVAILABILITY = YES_AGGRESSIVE;
				CLANG_WARN_UNREACHABLE_CODE = YES;
				CLANG_WARN__DUPLICATE_METHOD_MATCH = YES;
				COPY_PHASE_STRIP = NO;
				CURRENT_PROJECT_VERSION = 1;
				DEBUG_INFORMATION_FORMAT = dwarf;
				ENABLE_STRICT_OBJC_MSGSEND = YES;
				ENABLE_TESTABILITY = YES;
				GCC_C_LANGUAGE_STANDARD = gnu11;
				GCC_DYNAMIC_NO_PIC = NO;
				GCC_NO_COMMON_BLOCKS = YES;
				GCC_OPTIMIZATION_LEVEL = 0;
				GCC_PREPROCESSOR_DEFINITIONS = (
					"DEBUG=1",
					"$(inherited)",
				);
				GCC_WARN_64_TO_32_BIT_CONVERSION = YES;
				GCC_WARN_ABOUT_RETURN_TYPE = YES_ERROR;
				GCC_WARN_UNDECLARED_SELECTOR = YES;
				GCC_WARN_UNINITIALIZED_AUTOS = YES_AGGRESSIVE;
				GCC_WARN_UNUSED_FUNCTION = YES;
				GCC_WARN_UNUSED_VARIABLE = YES;
				MACOSX_DEPLOYMENT_TARGET = 12.3;
				MTL_ENABLE_DEBUG_INFO = INCLUDE_SOURCE;
				MTL_FAST_MATH = YES;
				ONLY_ACTIVE_ARCH = YES;
				SDKROOT = macosx;
				SWIFT_ACTIVE_COMPILATION_CONDITIONS = DEBUG;
				SWIFT_OPTIMIZATION_LEVEL = "-Onone";
				VERSIONING_SYSTEM = "apple-generic";
				VERSION_INFO_PREFIX = "";
			};
			name = Debug;
		};
		30C5C0AC280C246B0051E37D /* Release */ = {
			isa = XCBuildConfiguration;
			buildSettings = {
				ALWAYS_SEARCH_USER_PATHS = NO;
				CLANG_ANALYZER_NONNULL = YES;
				CLANG_ANALYZER_NUMBER_OBJECT_CONVERSION = YES_AGGRESSIVE;
				CLANG_CXX_LANGUAGE_STANDARD = "gnu++17";
				CLANG_ENABLE_MODULES = YES;
				CLANG_ENABLE_OBJC_ARC = YES;
				CLANG_ENABLE_OBJC_WEAK = YES;
				CLANG_WARN_BLOCK_CAPTURE_AUTORELEASING = YES;
				CLANG_WARN_BOOL_CONVERSION = YES;
				CLANG_WARN_COMMA = YES;
				CLANG_WARN_CONSTANT_CONVERSION = YES;
				CLANG_WARN_DEPRECATED_OBJC_IMPLEMENTATIONS = YES;
				CLANG_WARN_DIRECT_OBJC_ISA_USAGE = YES_ERROR;
				CLANG_WARN_DOCUMENTATION_COMMENTS = YES;
				CLANG_WARN_EMPTY_BODY = YES;
				CLANG_WARN_ENUM_CONVERSION = YES;
				CLANG_WARN_INFINITE_RECURSION = YES;
				CLANG_WARN_INT_CONVERSION = YES;
				CLANG_WARN_NON_LITERAL_NULL_CONVERSION = YES;
				CLANG_WARN_OBJC_IMPLICIT_RETAIN_SELF = YES;
				CLANG_WARN_OBJC_LITERAL_CONVERSION = YES;
				CLANG_WARN_OBJC_ROOT_CLASS = YES_ERROR;
				CLANG_WARN_QUOTED_INCLUDE_IN_FRAMEWORK_HEADER = YES;
				CLANG_WARN_RANGE_LOOP_ANALYSIS = YES;
				CLANG_WARN_STRICT_PROTOTYPES = YES;
				CLANG_WARN_SUSPICIOUS_MOVE = YES;
				CLANG_WARN_UNGUARDED_AVAILABILITY = YES_AGGRESSIVE;
				CLANG_WARN_UNREACHABLE_CODE = YES;
				CLANG_WARN__DUPLICATE_METHOD_MATCH = YES;
				COPY_PHASE_STRIP = NO;
				CURRENT_PROJECT_VERSION = 1;
				DEBUG_INFORMATION_FORMAT = "dwarf-with-dsym";
				ENABLE_NS_ASSERTIONS = NO;
				ENABLE_STRICT_OBJC_MSGSEND = YES;
				GCC_C_LANGUAGE_STANDARD = gnu11;
				GCC_NO_COMMON_BLOCKS = YES;
				GCC_WARN_64_TO_32_BIT_CONVERSION = YES;
				GCC_WARN_ABOUT_RETURN_TYPE = YES_ERROR;
				GCC_WARN_UNDECLARED_SELECTOR = YES;
				GCC_WARN_UNINITIALIZED_AUTOS = YES_AGGRESSIVE;
				GCC_WARN_UNUSED_FUNCTION = YES;
				GCC_WARN_UNUSED_VARIABLE = YES;
				MACOSX_DEPLOYMENT_TARGET = 12.3;
				MTL_ENABLE_DEBUG_INFO = NO;
				MTL_FAST_MATH = YES;
				SDKROOT = macosx;
				SWIFT_COMPILATION_MODE = wholemodule;
				SWIFT_OPTIMIZATION_LEVEL = "-O";
				VERSIONING_SYSTEM = "apple-generic";
				VERSION_INFO_PREFIX = "";
			};
			name = Release;
		};
		30C5C0AE280C246B0051E37D /* Debug */ = {
			isa = XCBuildConfiguration;
			buildSettings = {
				CLANG_ENABLE_MODULES = YES;
				CODE_SIGN_STYLE = Automatic;
				COMBINE_HIDPI_IMAGES = YES;
				CURRENT_PROJECT_VERSION = 1;
				DEFINES_MODULE = YES;
				DEVELOPMENT_TEAM = VE4B6ZGW6Y;
				DYLIB_COMPATIBILITY_VERSION = 1;
				DYLIB_CURRENT_VERSION = 1;
				DYLIB_INSTALL_NAME_BASE = "@rpath";
				GENERATE_INFOPLIST_FILE = YES;
				INFOPLIST_KEY_NSHumanReadableCopyright = "";
				INSTALL_PATH = "$(LOCAL_LIBRARY_DIR)/Frameworks";
				IPHONEOS_DEPLOYMENT_TARGET = 10.0;
				LD_RUNPATH_SEARCH_PATHS = (
					"$(inherited)",
					"@executable_path/../Frameworks",
					"@loader_path/Frameworks",
				);
				MACH_O_TYPE = staticlib;
				MARKETING_VERSION = 1.0;
				PRODUCT_BUNDLE_IDENTIFIER = com.vnpay.ScanID.BottomSheetComponent;
				PRODUCT_NAME = "$(TARGET_NAME:c99extidentifier)";
				SKIP_INSTALL = YES;
				SUPPORTED_PLATFORMS = "iphonesimulator iphoneos";
				SWIFT_EMIT_LOC_STRINGS = YES;
				SWIFT_OPTIMIZATION_LEVEL = "-Onone";
				SWIFT_VERSION = 5.0;
			};
			name = Debug;
		};
		30C5C0AF280C246B0051E37D /* Release */ = {
			isa = XCBuildConfiguration;
			buildSettings = {
				CLANG_ENABLE_MODULES = YES;
				CODE_SIGN_STYLE = Automatic;
				COMBINE_HIDPI_IMAGES = YES;
				CURRENT_PROJECT_VERSION = 1;
				DEFINES_MODULE = YES;
				DEVELOPMENT_TEAM = VE4B6ZGW6Y;
				DYLIB_COMPATIBILITY_VERSION = 1;
				DYLIB_CURRENT_VERSION = 1;
				DYLIB_INSTALL_NAME_BASE = "@rpath";
				GENERATE_INFOPLIST_FILE = YES;
				INFOPLIST_KEY_NSHumanReadableCopyright = "";
				INSTALL_PATH = "$(LOCAL_LIBRARY_DIR)/Frameworks";
				IPHONEOS_DEPLOYMENT_TARGET = 10.0;
				LD_RUNPATH_SEARCH_PATHS = (
					"$(inherited)",
					"@executable_path/../Frameworks",
					"@loader_path/Frameworks",
				);
				MACH_O_TYPE = staticlib;
				MARKETING_VERSION = 1.0;
				PRODUCT_BUNDLE_IDENTIFIER = com.vnpay.ScanID.BottomSheetComponent;
				PRODUCT_NAME = "$(TARGET_NAME:c99extidentifier)";
				SKIP_INSTALL = YES;
				SUPPORTED_PLATFORMS = "iphonesimulator iphoneos";
				SWIFT_EMIT_LOC_STRINGS = YES;
				SWIFT_VERSION = 5.0;
			};
			name = Release;
		};
		30C5C0B1280C246B0051E37D /* Debug */ = {
			isa = XCBuildConfiguration;
			buildSettings = {
				ALWAYS_EMBED_SWIFT_STANDARD_LIBRARIES = YES;
				CODE_SIGN_STYLE = Automatic;
				CURRENT_PROJECT_VERSION = 1;
				DEVELOPMENT_TEAM = VE4B6ZGW6Y;
				GENERATE_INFOPLIST_FILE = YES;
				MARKETING_VERSION = 1.0;
				PRODUCT_BUNDLE_IDENTIFIER = com.vnpay.ScanID.BottomSheetComponentTests;
				PRODUCT_NAME = "$(TARGET_NAME)";
				SWIFT_EMIT_LOC_STRINGS = NO;
				SWIFT_VERSION = 5.0;
			};
			name = Debug;
		};
		30C5C0B2280C246B0051E37D /* Release */ = {
			isa = XCBuildConfiguration;
			buildSettings = {
				ALWAYS_EMBED_SWIFT_STANDARD_LIBRARIES = YES;
				CODE_SIGN_STYLE = Automatic;
				CURRENT_PROJECT_VERSION = 1;
				DEVELOPMENT_TEAM = VE4B6ZGW6Y;
				GENERATE_INFOPLIST_FILE = YES;
				MARKETING_VERSION = 1.0;
				PRODUCT_BUNDLE_IDENTIFIER = com.vnpay.ScanID.BottomSheetComponentTests;
				PRODUCT_NAME = "$(TARGET_NAME)";
				SWIFT_EMIT_LOC_STRINGS = NO;
				SWIFT_VERSION = 5.0;
			};
			name = Release;
		};
		30C5C0DF280C24880051E37D /* Debug */ = {
			isa = XCBuildConfiguration;
			buildSettings = {
				ASSETCATALOG_COMPILER_APPICON_NAME = AppIcon;
				ASSETCATALOG_COMPILER_GLOBAL_ACCENT_COLOR_NAME = AccentColor;
				CODE_SIGN_STYLE = Automatic;
				CURRENT_PROJECT_VERSION = 1;
				DEVELOPMENT_TEAM = VE4B6ZGW6Y;
				GENERATE_INFOPLIST_FILE = YES;
				INFOPLIST_FILE = BottomSheetExample/Info.plist;
				INFOPLIST_KEY_UIApplicationSupportsIndirectInputEvents = YES;
				INFOPLIST_KEY_UILaunchStoryboardName = LaunchScreen;
				INFOPLIST_KEY_UIMainStoryboardFile = Main;
				INFOPLIST_KEY_UISupportedInterfaceOrientations_iPad = "UIInterfaceOrientationPortrait UIInterfaceOrientationPortraitUpsideDown UIInterfaceOrientationLandscapeLeft UIInterfaceOrientationLandscapeRight";
				INFOPLIST_KEY_UISupportedInterfaceOrientations_iPhone = "UIInterfaceOrientationPortrait UIInterfaceOrientationLandscapeLeft UIInterfaceOrientationLandscapeRight";
				IPHONEOS_DEPLOYMENT_TARGET = 15.4;
				LD_RUNPATH_SEARCH_PATHS = (
					"$(inherited)",
					"@executable_path/Frameworks",
				);
				MARKETING_VERSION = 1.0;
				PRODUCT_BUNDLE_IDENTIFIER = com.vnpay.ScanID.BottomSheetExample;
				PRODUCT_NAME = "$(TARGET_NAME)";
				SDKROOT = iphoneos;
				SWIFT_EMIT_LOC_STRINGS = YES;
				SWIFT_VERSION = 5.0;
				TARGETED_DEVICE_FAMILY = "1,2";
			};
			name = Debug;
		};
		30C5C0E0280C24880051E37D /* Release */ = {
			isa = XCBuildConfiguration;
			buildSettings = {
				ASSETCATALOG_COMPILER_APPICON_NAME = AppIcon;
				ASSETCATALOG_COMPILER_GLOBAL_ACCENT_COLOR_NAME = AccentColor;
				CODE_SIGN_STYLE = Automatic;
				CURRENT_PROJECT_VERSION = 1;
				DEVELOPMENT_TEAM = VE4B6ZGW6Y;
				GENERATE_INFOPLIST_FILE = YES;
				INFOPLIST_FILE = BottomSheetExample/Info.plist;
				INFOPLIST_KEY_UIApplicationSupportsIndirectInputEvents = YES;
				INFOPLIST_KEY_UILaunchStoryboardName = LaunchScreen;
				INFOPLIST_KEY_UIMainStoryboardFile = Main;
				INFOPLIST_KEY_UISupportedInterfaceOrientations_iPad = "UIInterfaceOrientationPortrait UIInterfaceOrientationPortraitUpsideDown UIInterfaceOrientationLandscapeLeft UIInterfaceOrientationLandscapeRight";
				INFOPLIST_KEY_UISupportedInterfaceOrientations_iPhone = "UIInterfaceOrientationPortrait UIInterfaceOrientationLandscapeLeft UIInterfaceOrientationLandscapeRight";
				IPHONEOS_DEPLOYMENT_TARGET = 15.4;
				LD_RUNPATH_SEARCH_PATHS = (
					"$(inherited)",
					"@executable_path/Frameworks",
				);
				MARKETING_VERSION = 1.0;
				PRODUCT_BUNDLE_IDENTIFIER = com.vnpay.ScanID.BottomSheetExample;
				PRODUCT_NAME = "$(TARGET_NAME)";
				SDKROOT = iphoneos;
				SWIFT_EMIT_LOC_STRINGS = YES;
				SWIFT_VERSION = 5.0;
				TARGETED_DEVICE_FAMILY = "1,2";
				VALIDATE_PRODUCT = YES;
			};
			name = Release;
		};
		30C5C0E2280C24880051E37D /* Debug */ = {
			isa = XCBuildConfiguration;
			buildSettings = {
				ALWAYS_EMBED_SWIFT_STANDARD_LIBRARIES = YES;
				BUNDLE_LOADER = "$(TEST_HOST)";
				CODE_SIGN_STYLE = Automatic;
				CURRENT_PROJECT_VERSION = 1;
				DEVELOPMENT_TEAM = VE4B6ZGW6Y;
				GENERATE_INFOPLIST_FILE = YES;
				IPHONEOS_DEPLOYMENT_TARGET = 15.4;
				MARKETING_VERSION = 1.0;
				PRODUCT_BUNDLE_IDENTIFIER = com.vnpay.ScanID.BottomSheetExampleTests;
				PRODUCT_NAME = "$(TARGET_NAME)";
				SDKROOT = iphoneos;
				SWIFT_EMIT_LOC_STRINGS = NO;
				SWIFT_VERSION = 5.0;
				TARGETED_DEVICE_FAMILY = "1,2";
				TEST_HOST = "$(BUILT_PRODUCTS_DIR)/BottomSheetExample.app/BottomSheetExample";
			};
			name = Debug;
		};
		30C5C0E3280C24880051E37D /* Release */ = {
			isa = XCBuildConfiguration;
			buildSettings = {
				ALWAYS_EMBED_SWIFT_STANDARD_LIBRARIES = YES;
				BUNDLE_LOADER = "$(TEST_HOST)";
				CODE_SIGN_STYLE = Automatic;
				CURRENT_PROJECT_VERSION = 1;
				DEVELOPMENT_TEAM = VE4B6ZGW6Y;
				GENERATE_INFOPLIST_FILE = YES;
				IPHONEOS_DEPLOYMENT_TARGET = 15.4;
				MARKETING_VERSION = 1.0;
				PRODUCT_BUNDLE_IDENTIFIER = com.vnpay.ScanID.BottomSheetExampleTests;
				PRODUCT_NAME = "$(TARGET_NAME)";
				SDKROOT = iphoneos;
				SWIFT_EMIT_LOC_STRINGS = NO;
				SWIFT_VERSION = 5.0;
				TARGETED_DEVICE_FAMILY = "1,2";
				TEST_HOST = "$(BUILT_PRODUCTS_DIR)/BottomSheetExample.app/BottomSheetExample";
				VALIDATE_PRODUCT = YES;
			};
			name = Release;
		};
		30C5C0E5280C24880051E37D /* Debug */ = {
			isa = XCBuildConfiguration;
			buildSettings = {
				ALWAYS_EMBED_SWIFT_STANDARD_LIBRARIES = YES;
				CODE_SIGN_STYLE = Automatic;
				CURRENT_PROJECT_VERSION = 1;
				DEVELOPMENT_TEAM = VE4B6ZGW6Y;
				GENERATE_INFOPLIST_FILE = YES;
				IPHONEOS_DEPLOYMENT_TARGET = 15.4;
				MARKETING_VERSION = 1.0;
				PRODUCT_BUNDLE_IDENTIFIER = com.vnpay.ScanID.BottomSheetExampleUITests;
				PRODUCT_NAME = "$(TARGET_NAME)";
				SDKROOT = iphoneos;
				SWIFT_EMIT_LOC_STRINGS = NO;
				SWIFT_VERSION = 5.0;
				TARGETED_DEVICE_FAMILY = "1,2";
				TEST_TARGET_NAME = BottomSheetExample;
			};
			name = Debug;
		};
		30C5C0E6280C24880051E37D /* Release */ = {
			isa = XCBuildConfiguration;
			buildSettings = {
				ALWAYS_EMBED_SWIFT_STANDARD_LIBRARIES = YES;
				CODE_SIGN_STYLE = Automatic;
				CURRENT_PROJECT_VERSION = 1;
				DEVELOPMENT_TEAM = VE4B6ZGW6Y;
				GENERATE_INFOPLIST_FILE = YES;
				IPHONEOS_DEPLOYMENT_TARGET = 15.4;
				MARKETING_VERSION = 1.0;
				PRODUCT_BUNDLE_IDENTIFIER = com.vnpay.ScanID.BottomSheetExampleUITests;
				PRODUCT_NAME = "$(TARGET_NAME)";
				SDKROOT = iphoneos;
				SWIFT_EMIT_LOC_STRINGS = NO;
				SWIFT_VERSION = 5.0;
				TARGETED_DEVICE_FAMILY = "1,2";
				TEST_TARGET_NAME = BottomSheetExample;
				VALIDATE_PRODUCT = YES;
			};
			name = Release;
		};
		30E086EF281391390034ECFA /* Debug */ = {
			isa = XCBuildConfiguration;
			buildSettings = {
				CODE_SIGN_STYLE = Automatic;
				COMBINE_HIDPI_IMAGES = YES;
				CURRENT_PROJECT_VERSION = 1;
				DEVELOPMENT_TEAM = VE4B6ZGW6Y;
				ENABLE_BITCODE = NO;
				GENERATE_INFOPLIST_FILE = YES;
				INFOPLIST_KEY_NSHumanReadableCopyright = "";
				INFOPLIST_KEY_NSPrincipalClass = "";
				INSTALL_PATH = "$(LOCAL_LIBRARY_DIR)/Bundles";
				MARKETING_VERSION = 1.0;
				PRODUCT_BUNDLE_IDENTIFIER = com.vnpay.ScanID.BottomSheetResource;
				PRODUCT_NAME = "$(TARGET_NAME)";
				SDKROOT = iphoneos;
				SKIP_INSTALL = YES;
				SWIFT_EMIT_LOC_STRINGS = YES;
				WRAPPER_EXTENSION = bundle;
			};
			name = Debug;
		};
		30E086F0281391390034ECFA /* Release */ = {
			isa = XCBuildConfiguration;
			buildSettings = {
				CODE_SIGN_STYLE = Automatic;
				COMBINE_HIDPI_IMAGES = YES;
				CURRENT_PROJECT_VERSION = 1;
				DEVELOPMENT_TEAM = VE4B6ZGW6Y;
				ENABLE_BITCODE = NO;
				GENERATE_INFOPLIST_FILE = YES;
				INFOPLIST_KEY_NSHumanReadableCopyright = "";
				INFOPLIST_KEY_NSPrincipalClass = "";
				INSTALL_PATH = "$(LOCAL_LIBRARY_DIR)/Bundles";
				MARKETING_VERSION = 1.0;
				PRODUCT_BUNDLE_IDENTIFIER = com.vnpay.ScanID.BottomSheetResource;
				PRODUCT_NAME = "$(TARGET_NAME)";
				SDKROOT = iphoneos;
				SKIP_INSTALL = YES;
				SWIFT_EMIT_LOC_STRINGS = YES;
				WRAPPER_EXTENSION = bundle;
			};
			name = Release;
		};
/* End XCBuildConfiguration section */

/* Begin XCConfigurationList section */
		30B9BA562814614D0019B07C /* Build configuration list for PBXAggregateTarget "BCSXC" */ = {
			isa = XCConfigurationList;
			buildConfigurations = (
				30B9BA542814614D0019B07C /* Debug */,
				30B9BA552814614D0019B07C /* Release */,
			);
			defaultConfigurationIsVisible = 0;
			defaultConfigurationName = Release;
		};
		30C5C093280C246A0051E37D /* Build configuration list for PBXProject "BottomSheetComponent" */ = {
			isa = XCConfigurationList;
			buildConfigurations = (
				30C5C0AB280C246B0051E37D /* Debug */,
				30C5C0AC280C246B0051E37D /* Release */,
			);
			defaultConfigurationIsVisible = 0;
			defaultConfigurationName = Release;
		};
		30C5C0AD280C246B0051E37D /* Build configuration list for PBXNativeTarget "BottomSheetComponent" */ = {
			isa = XCConfigurationList;
			buildConfigurations = (
				30C5C0AE280C246B0051E37D /* Debug */,
				30C5C0AF280C246B0051E37D /* Release */,
			);
			defaultConfigurationIsVisible = 0;
			defaultConfigurationName = Release;
		};
		30C5C0B0280C246B0051E37D /* Build configuration list for PBXNativeTarget "BottomSheetComponentTests" */ = {
			isa = XCConfigurationList;
			buildConfigurations = (
				30C5C0B1280C246B0051E37D /* Debug */,
				30C5C0B2280C246B0051E37D /* Release */,
			);
			defaultConfigurationIsVisible = 0;
			defaultConfigurationName = Release;
		};
		30C5C0DE280C24880051E37D /* Build configuration list for PBXNativeTarget "BottomSheetExample" */ = {
			isa = XCConfigurationList;
			buildConfigurations = (
				30C5C0DF280C24880051E37D /* Debug */,
				30C5C0E0280C24880051E37D /* Release */,
			);
			defaultConfigurationIsVisible = 0;
			defaultConfigurationName = Release;
		};
		30C5C0E1280C24880051E37D /* Build configuration list for PBXNativeTarget "BottomSheetExampleTests" */ = {
			isa = XCConfigurationList;
			buildConfigurations = (
				30C5C0E2280C24880051E37D /* Debug */,
				30C5C0E3280C24880051E37D /* Release */,
			);
			defaultConfigurationIsVisible = 0;
			defaultConfigurationName = Release;
		};
		30C5C0E4280C24880051E37D /* Build configuration list for PBXNativeTarget "BottomSheetExampleUITests" */ = {
			isa = XCConfigurationList;
			buildConfigurations = (
				30C5C0E5280C24880051E37D /* Debug */,
				30C5C0E6280C24880051E37D /* Release */,
			);
			defaultConfigurationIsVisible = 0;
			defaultConfigurationName = Release;
		};
		30E086F1281391390034ECFA /* Build configuration list for PBXNativeTarget "BottomSheetResource" */ = {
			isa = XCConfigurationList;
			buildConfigurations = (
				30E086EF281391390034ECFA /* Debug */,
				30E086F0281391390034ECFA /* Release */,
			);
			defaultConfigurationIsVisible = 0;
			defaultConfigurationName = Release;
		};
/* End XCConfigurationList section */
	};
	rootObject = 30C5C090280C246A0051E37D /* Project object */;
}
